version: 0.0.0-dev
dependencies:
  - name: external-dns
    repository: https://charts.bitnami.com/bitnami
    version: 8.9.1
  - name: grafana
    repository: https://grafana.github.io/helm-charts
    version: 9.2.10
  - name: ingress-nginx
    repository: https://kubernetes.github.io/ingress-nginx
    version: 4.12.3
  - name: jellyfin
    repository: https://jellyfin.github.io/jellyfin-helm
    version: 2.3.0
  - name: kube-prometheus-stack
    repository: https://prometheus-community.github.io/helm-charts
    version: 75.9.0
  - name: loki
    repository: https://grafana.github.io/helm-charts
    version: 6.30.1
  - name: longhorn
    repository: https://charts.longhorn.io
    version: 1.9.0
  - name: metallb
    repository: https://metallb.github.io/metallb
    version: 0.15.2
  - name: nextcloud
    repository: https://nextcloud.github.io/helm
    version: 6.6.10
  - name: pihole
    repository: https://mojo2600.github.io/pihole-kubernetes
    version: 2.31.0
  - name: tempo-distributed
    repository: https://grafana.github.io/helm-charts
    version: 1.44.0
  - name: vaultwarden
    repository: https://guerzon.github.io/vaultwarden
    version: 0.32.1
digest: sha256:189fa6538168099e54635940d5072ae55972630806806f588791886fa88efe54
generated: "2025-07-08T23:28:36.806905627+02:00"
