version: 0.0.0-dev
dependencies:
  - name: external-dns
    repository: https://charts.bitnami.com/bitnami
    version: 8.8.6
  - name: ingress-nginx
    repository: https://kubernetes.github.io/ingress-nginx
    version: 4.12.3
  - name: jellyfin
    repository: https://jellyfin.github.io/jellyfin-helm
    version: 2.3.0
  - name: longhorn
    repository: https://charts.longhorn.io
    version: 1.8.2
  - name: metallb
    repository: https://metallb.github.io/metallb
    version: 0.15.2
  - name: nextcloud
    repository: https://nextcloud.github.io/helm
    version: 6.6.10
  - name: pihole
    repository: https://mojo2600.github.io/pihole-kubernetes
    version: 2.31.0
  - name: vaultwarden
    repository: https://guerzon.github.io/vaultwarden
    version: 0.32.1
digest: sha256:76130512b69f1b4b534569bc4149469b9887d046df9337f0a508b2dfa9e28e78
generated: "2025-07-02T00:44:40.709658021+02:00"
